PODS:
  - Alamofire (5.0.0-beta.2)

DEPENDENCIES:
  - Alamofire (~> 5.0.0-beta.2)

SPEC REPOS:
  https://github.com/cocoapods/specs.git:
    - Alamofire

SPEC CHECKSUMS:
  Alamofire: d1e5493588babe3e7b56ae29e8032942f4de09fe

PODFILE CHECKSUM: e849d7c9b4b3fc6c5523b072fc9d406c506b4be1

COCOAPODS: 1.6.0
